// !$*UTF8*$!
{
	archiveVersion = 1;
	classes = {
	};
	objectVersion = 56;
	objects = {

/* Begin PBXBuildFile section */
		9CF0F70A2A3BAFFC0039E5F6 /* main.c in Sources */ = {isa = PBXBuildFile; fileRef = 9CF0F7092A3BAFFC0039E5F6 /* main.c */; };
		9CF0F7162A3BB03D0039E5F6 /* elemtype.c in Sources */ = {isa = PBXBuildFile; fileRef = 9CF0F7112A3BB03D0039E5F6 /* elemtype.c */; };
		9CF0F7182A3BB03D0039E5F6 /* list.c in Sources */ = {isa = PBXBuildFile; fileRef = 9CF0F7132A3BB03D0039E5F6 /* list.c */; };
		9CF0F7192A3BB03D0039E5F6 /* load.c in Sources */ = {isa = PBXBuildFile; fileRef = 9CF0F7152A3BB03D0039E5F6 /* load.c */; };
		9CF0F71C2A3BBC700039E5F6 /* reverse.c in Sources */ = {isa = PBXBuildFile; fileRef = 9CF0F71B2A3BBC700039E5F6 /* reverse.c */; };
/* End PBXBuildFile section */

/* Begin PBXCopyFilesBuildPhase section */
		9CF0F7042A3BAFFC0039E5F6 /* CopyFiles */ = {
			isa = PBXCopyFilesBuildPhase;
			buildActionMask = 2147483647;
			dstPath = /usr/share/man/man1/;
			dstSubfolderSpec = 0;
			files = (
			);
			runOnlyForDeploymentPostprocessing = 1;
		};
/* End PBXCopyFilesBuildPhase section */

/* Begin PBXFileReference section */
		9CF0F7062A3BAFFC0039E5F6 /* Reverse */ = {isa = PBXFileReference; explicitFileType = "compiled.mach-o.executable"; includeInIndex = 0; path = Reverse; sourceTree = BUILT_PRODUCTS_DIR; };
		9CF0F7092A3BAFFC0039E5F6 /* main.c */ = {isa = PBXFileReference; lastKnownFileType = sourcecode.c.c; path = main.c; sourceTree = "<group>"; };
		9CF0F7102A3BB03D0039E5F6 /* elemtype.h */ = {isa = PBXFileReference; fileEncoding = 4; lastKnownFileType = sourcecode.c.h; path = elemtype.h; sourceTree = "<group>"; };
		9CF0F7112A3BB03D0039E5F6 /* elemtype.c */ = {isa = PBXFileReference; fileEncoding = 4; lastKnownFileType = sourcecode.c.c; path = elemtype.c; sourceTree = "<group>"; };
		9CF0F7132A3BB03D0039E5F6 /* list.c */ = {isa = PBXFileReference; fileEncoding = 4; lastKnownFileType = sourcecode.c.c; path = list.c; sourceTree = "<group>"; };
		9CF0F7142A3BB03D0039E5F6 /* list.h */ = {isa = PBXFileReference; fileEncoding = 4; lastKnownFileType = sourcecode.c.h; path = list.h; sourceTree = "<group>"; };
		9CF0F7152A3BB03D0039E5F6 /* load.c */ = {isa = PBXFileReference; fileEncoding = 4; lastKnownFileType = sourcecode.c.c; path = load.c; sourceTree = "<group>"; };
		9CF0F71A2A3BBC700039E5F6 /* reverse.h */ = {isa = PBXFileReference; lastKnownFileType = sourcecode.c.h; path = reverse.h; sourceTree = "<group>"; };
		9CF0F71B2A3BBC700039E5F6 /* reverse.c */ = {isa = PBXFileReference; lastKnownFileType = sourcecode.c.c; path = reverse.c; sourceTree = "<group>"; };
/* End PBXFileReference section */

/* Begin PBXFrameworksBuildPhase section */
		9CF0F7032A3BAFFC0039E5F6 /* Frameworks */ = {
			isa = PBXFrameworksBuildPhase;
			buildActionMask = 2147483647;
			files = (
			);
			runOnlyForDeploymentPostprocessing = 0;
		};
/* End PBXFrameworksBuildPhase section */

/* Begin PBXGroup section */
		9CF0F6FD2A3BAFFC0039E5F6 = {
			isa = PBXGroup;
			children = (
				9CF0F71A2A3BBC700039E5F6 /* reverse.h */,
				9CF0F71B2A3BBC700039E5F6 /* reverse.c */,
				9CF0F7112A3BB03D0039E5F6 /* elemtype.c */,
				9CF0F7102A3BB03D0039E5F6 /* elemtype.h */,
				9CF0F7132A3BB03D0039E5F6 /* list.c */,
				9CF0F7142A3BB03D0039E5F6 /* list.h */,
				9CF0F7152A3BB03D0039E5F6 /* load.c */,
				9CF0F7082A3BAFFC0039E5F6 /* Reverse */,
				9CF0F7072A3BAFFC0039E5F6 /* Products */,
			);
			sourceTree = "<group>";
		};
		9CF0F7072A3BAFFC0039E5F6 /* Products */ = {
			isa = PBXGroup;
			children = (
				9CF0F7062A3BAFFC0039E5F6 /* Reverse */,
			);
			name = Products;
			sourceTree = "<group>";
		};
		9CF0F7082A3BAFFC0039E5F6 /* Reverse */ = {
			isa = PBXGroup;
			children = (
				9CF0F7092A3BAFFC0039E5F6 /* main.c */,
			);
			path = Reverse;
			sourceTree = "<group>";
		};
/* End PBXGroup section */

/* Begin PBXNativeTarget section */
		9CF0F7052A3BAFFC0039E5F6 /* Reverse */ = {
			isa = PBXNativeTarget;
			buildConfigurationList = 9CF0F70D2A3BAFFC0039E5F6 /* Build configuration list for PBXNativeTarget "Reverse" */;
			buildPhases = (
				9CF0F7022A3BAFFC0039E5F6 /* Sources */,
				9CF0F7032A3BAFFC0039E5F6 /* Frameworks */,
				9CF0F7042A3BAFFC0039E5F6 /* CopyFiles */,
			);
			buildRules = (
			);
			dependencies = (
			);
			name = Reverse;
			productName = Reverse;
			productReference = 9CF0F7062A3BAFFC0039E5F6 /* Reverse */;
			productType = "com.apple.product-type.tool";
		};
/* End PBXNativeTarget section */

/* Begin PBXProject section */
		9CF0F6FE2A3BAFFC0039E5F6 /* Project object */ = {
			isa = PBXProject;
			attributes = {
				BuildIndependentTargetsInParallel = 1;
				LastUpgradeCheck = 1430;
				TargetAttributes = {
					9CF0F7052A3BAFFC0039E5F6 = {
						CreatedOnToolsVersion = 14.3.1;
					};
				};
			};
			buildConfigurationList = 9CF0F7012A3BAFFC0039E5F6 /* Build configuration list for PBXProject "Reverse" */;
			compatibilityVersion = "Xcode 14.0";
			developmentRegion = en;
			hasScannedForEncodings = 0;
			knownRegions = (
				en,
				Base,
			);
			mainGroup = 9CF0F6FD2A3BAFFC0039E5F6;
			productRefGroup = 9CF0F7072A3BAFFC0039E5F6 /* Products */;
			projectDirPath = "";
			projectRoot = "";
			targets = (
				9CF0F7052A3BAFFC0039E5F6 /* Reverse */,
			);
		};
/* End PBXProject section */

/* Begin PBXSourcesBuildPhase section */
		9CF0F7022A3BAFFC0039E5F6 /* Sources */ = {
			isa = PBXSourcesBuildPhase;
			buildActionMask = 2147483647;
			files = (
				9CF0F7192A3BB03D0039E5F6 /* load.c in Sources */,
				9CF0F7162A3BB03D0039E5F6 /* elemtype.c in Sources */,
				9CF0F70A2A3BAFFC0039E5F6 /* main.c in Sources */,
				9CF0F71C2A3BBC700039E5F6 /* reverse.c in Sources */,
				9CF0F7182A3BB03D0039E5F6 /* list.c in Sources */,
			);
			runOnlyForDeploymentPostprocessing = 0;
		};
/* End PBXSourcesBuildPhase section */

/* Begin XCBuildConfiguration section */
		9CF0F70B2A3BAFFC0039E5F6 /* Debug */ = {
			isa = XCBuildConfiguration;
			buildSettings = {
				ALWAYS_SEARCH_USER_PATHS = NO;
				CLANG_ANALYZER_NONNULL = YES;
				CLANG_ANALYZER_NUMBER_OBJECT_CONVERSION = YES_AGGRESSIVE;
				CLANG_CXX_LANGUAGE_STANDARD = "gnu++20";
				CLANG_ENABLE_MODULES = YES;
				CLANG_ENABLE_OBJC_ARC = YES;
				CLANG_ENABLE_OBJC_WEAK = YES;
				CLANG_WARN_BLOCK_CAPTURE_AUTORELEASING = YES;
				CLANG_WARN_BOOL_CONVERSION = YES;
				CLANG_WARN_COMMA = YES;
				CLANG_WARN_CONSTANT_CONVERSION = YES;
				CLANG_WARN_DEPRECATED_OBJC_IMPLEMENTATIONS = YES;
				CLANG_WARN_DIRECT_OBJC_ISA_USAGE = YES_ERROR;
				CLANG_WARN_DOCUMENTATION_COMMENTS = YES;
				CLANG_WARN_EMPTY_BODY = YES;
				CLANG_WARN_ENUM_CONVERSION = YES;
				CLANG_WARN_INFINITE_RECURSION = YES;
				CLANG_WARN_INT_CONVERSION = YES;
				CLANG_WARN_NON_LITERAL_NULL_CONVERSION = YES;
				CLANG_WARN_OBJC_IMPLICIT_RETAIN_SELF = YES;
				CLANG_WARN_OBJC_LITERAL_CONVERSION = YES;
				CLANG_WARN_OBJC_ROOT_CLASS = YES_ERROR;
				CLANG_WARN_QUOTED_INCLUDE_IN_FRAMEWORK_HEADER = YES;
				CLANG_WARN_RANGE_LOOP_ANALYSIS = YES;
				CLANG_WARN_STRICT_PROTOTYPES = YES;
				CLANG_WARN_SUSPICIOUS_MOVE = YES;
				CLANG_WARN_UNGUARDED_AVAILABILITY = YES_AGGRESSIVE;
				CLANG_WARN_UNREACHABLE_CODE = YES;
				CLANG_WARN__DUPLICATE_METHOD_MATCH = YES;
				COPY_PHASE_STRIP = NO;
				DEBUG_INFORMATION_FORMAT = dwarf;
				ENABLE_STRICT_OBJC_MSGSEND = YES;
				ENABLE_TESTABILITY = YES;
				GCC_C_LANGUAGE_STANDARD = gnu11;
				GCC_DYNAMIC_NO_PIC = NO;
				GCC_NO_COMMON_BLOCKS = YES;
				GCC_OPTIMIZATION_LEVEL = 0;
				GCC_PREPROCESSOR_DEFINITIONS = (
					"DEBUG=1",
					"$(inherited)",
				);
				GCC_WARN_64_TO_32_BIT_CONVERSION = YES;
				GCC_WARN_ABOUT_RETURN_TYPE = YES_ERROR;
				GCC_WARN_UNDECLARED_SELECTOR = YES;
				GCC_WARN_UNINITIALIZED_AUTOS = YES_AGGRESSIVE;
				GCC_WARN_UNUSED_FUNCTION = YES;
				GCC_WARN_UNUSED_VARIABLE = YES;
				MACOSX_DEPLOYMENT_TARGET = 13.3;
				MTL_ENABLE_DEBUG_INFO = INCLUDE_SOURCE;
				MTL_FAST_MATH = YES;
				ONLY_ACTIVE_ARCH = YES;
				SDKROOT = macosx;
			};
			name = Debug;
		};
		9CF0F70C2A3BAFFC0039E5F6 /* Release */ = {
			isa = XCBuildConfiguration;
			buildSettings = {
				ALWAYS_SEARCH_USER_PATHS = NO;
				CLANG_ANALYZER_NONNULL = YES;
				CLANG_ANALYZER_NUMBER_OBJECT_CONVERSION = YES_AGGRESSIVE;
				CLANG_CXX_LANGUAGE_STANDARD = "gnu++20";
				CLANG_ENABLE_MODULES = YES;
				CLANG_ENABLE_OBJC_ARC = YES;
				CLANG_ENABLE_OBJC_WEAK = YES;
				CLANG_WARN_BLOCK_CAPTURE_AUTORELEASING = YES;
				CLANG_WARN_BOOL_CONVERSION = YES;
				CLANG_WARN_COMMA = YES;
				CLANG_WARN_CONSTANT_CONVERSION = YES;
				CLANG_WARN_DEPRECATED_OBJC_IMPLEMENTATIONS = YES;
				CLANG_WARN_DIRECT_OBJC_ISA_USAGE = YES_ERROR;
				CLANG_WARN_DOCUMENTATION_COMMENTS = YES;
				CLANG_WARN_EMPTY_BODY = YES;
				CLANG_WARN_ENUM_CONVERSION = YES;
				CLANG_WARN_INFINITE_RECURSION = YES;
				CLANG_WARN_INT_CONVERSION = YES;
				CLANG_WARN_NON_LITERAL_NULL_CONVERSION = YES;
				CLANG_WARN_OBJC_IMPLICIT_RETAIN_SELF = YES;
				CLANG_WARN_OBJC_LITERAL_CONVERSION = YES;
				CLANG_WARN_OBJC_ROOT_CLASS = YES_ERROR;
				CLANG_WARN_QUOTED_INCLUDE_IN_FRAMEWORK_HEADER = YES;
				CLANG_WARN_RANGE_LOOP_ANALYSIS = YES;
				CLANG_WARN_STRICT_PROTOTYPES = YES;
				CLANG_WARN_SUSPICIOUS_MOVE = YES;
				CLANG_WARN_UNGUARDED_AVAILABILITY = YES_AGGRESSIVE;
				CLANG_WARN_UNREACHABLE_CODE = YES;
				CLANG_WARN__DUPLICATE_METHOD_MATCH = YES;
				COPY_PHASE_STRIP = NO;
				DEBUG_INFORMATION_FORMAT = "dwarf-with-dsym";
				ENABLE_NS_ASSERTIONS = NO;
				ENABLE_STRICT_OBJC_MSGSEND = YES;
				GCC_C_LANGUAGE_STANDARD = gnu11;
				GCC_NO_COMMON_BLOCKS = YES;
				GCC_WARN_64_TO_32_BIT_CONVERSION = YES;
				GCC_WARN_ABOUT_RETURN_TYPE = YES_ERROR;
				GCC_WARN_UNDECLARED_SELECTOR = YES;
				GCC_WARN_UNINITIALIZED_AUTOS = YES_AGGRESSIVE;
				GCC_WARN_UNUSED_FUNCTION = YES;
				GCC_WARN_UNUSED_VARIABLE = YES;
				MACOSX_DEPLOYMENT_TARGET = 13.3;
				MTL_ENABLE_DEBUG_INFO = NO;
				MTL_FAST_MATH = YES;
				SDKROOT = macosx;
			};
			name = Release;
		};
		9CF0F70E2A3BAFFC0039E5F6 /* Debug */ = {
			isa = XCBuildConfiguration;
			buildSettings = {
				CODE_SIGN_STYLE = Automatic;
				PRODUCT_NAME = "$(TARGET_NAME)";
			};
			name = Debug;
		};
		9CF0F70F2A3BAFFC0039E5F6 /* Release */ = {
			isa = XCBuildConfiguration;
			buildSettings = {
				CODE_SIGN_STYLE = Automatic;
				PRODUCT_NAME = "$(TARGET_NAME)";
			};
			name = Release;
		};
/* End XCBuildConfiguration section */

/* Begin XCConfigurationList section */
		9CF0F7012A3BAFFC0039E5F6 /* Build configuration list for PBXProject "Reverse" */ = {
			isa = XCConfigurationList;
			buildConfigurations = (
				9CF0F70B2A3BAFFC0039E5F6 /* Debug */,
				9CF0F70C2A3BAFFC0039E5F6 /* Release */,
			);
			defaultConfigurationIsVisible = 0;
			defaultConfigurationName = Release;
		};
		9CF0F70D2A3BAFFC0039E5F6 /* Build configuration list for PBXNativeTarget "Reverse" */ = {
			isa = XCConfigurationList;
			buildConfigurations = (
				9CF0F70E2A3BAFFC0039E5F6 /* Debug */,
				9CF0F70F2A3BAFFC0039E5F6 /* Release */,
			);
			defaultConfigurationIsVisible = 0;
			defaultConfigurationName = Release;
		};
/* End XCConfigurationList section */
	};
	rootObject = 9CF0F6FE2A3BAFFC0039E5F6 /* Project object */;
}
