// !$*UTF8*$!
{
	archiveVersion = 1;
	classes = {
	};
	objectVersion = 56;
	objects = {

/* Begin PBXBuildFile section */
		9CC8F0F729FBC1B20006495F /* main.c in Sources */ = {isa = PBXBuildFile; fileRef = 9CC8F0F629FBC1B20006495F /* main.c */; };
		9CC8F0FF29FBC29F0006495F /* elemtype.c in Sources */ = {isa = PBXBuildFile; fileRef = 9CC8F0FE29FBC29F0006495F /* elemtype.c */; };
		9CC8F10229FBC2C60006495F /* vettore.c in Sources */ = {isa = PBXBuildFile; fileRef = 9CC8F10129FBC2C60006495F /* vettore.c */; };
/* End PBXBuildFile section */

/* Begin PBXCopyFilesBuildPhase section */
		9CC8F0F129FBC1B20006495F /* CopyFiles */ = {
			isa = PBXCopyFilesBuildPhase;
			buildActionMask = 2147483647;
			dstPath = /usr/share/man/man1/;
			dstSubfolderSpec = 0;
			files = (
			);
			runOnlyForDeploymentPostprocessing = 1;
		};
/* End PBXCopyFilesBuildPhase section */

/* Begin PBXFileReference section */
		9CC8F0F329FBC1B20006495F /* Vector-Read */ = {isa = PBXFileReference; explicitFileType = "compiled.mach-o.executable"; includeInIndex = 0; path = "Vector-Read"; sourceTree = BUILT_PRODUCTS_DIR; };
		9CC8F0F629FBC1B20006495F /* main.c */ = {isa = PBXFileReference; lastKnownFileType = sourcecode.c.c; path = main.c; sourceTree = "<group>"; };
		9CC8F0FD29FBC29F0006495F /* elemtype.h */ = {isa = PBXFileReference; fileEncoding = 4; lastKnownFileType = sourcecode.c.h; path = elemtype.h; sourceTree = "<group>"; };
		9CC8F0FE29FBC29F0006495F /* elemtype.c */ = {isa = PBXFileReference; fileEncoding = 4; lastKnownFileType = sourcecode.c.c; path = elemtype.c; sourceTree = "<group>"; };
		9CC8F10029FBC2C60006495F /* vettore.h */ = {isa = PBXFileReference; lastKnownFileType = sourcecode.c.h; path = vettore.h; sourceTree = "<group>"; };
		9CC8F10129FBC2C60006495F /* vettore.c */ = {isa = PBXFileReference; lastKnownFileType = sourcecode.c.c; path = vettore.c; sourceTree = "<group>"; };
/* End PBXFileReference section */

/* Begin PBXFrameworksBuildPhase section */
		9CC8F0F029FBC1B20006495F /* Frameworks */ = {
			isa = PBXFrameworksBuildPhase;
			buildActionMask = 2147483647;
			files = (
			);
			runOnlyForDeploymentPostprocessing = 0;
		};
/* End PBXFrameworksBuildPhase section */

/* Begin PBXGroup section */
		9CC8F0EA29FBC1B20006495F = {
			isa = PBXGroup;
			children = (
				9CC8F10029FBC2C60006495F /* vettore.h */,
				9CC8F10129FBC2C60006495F /* vettore.c */,
				9CC8F0FE29FBC29F0006495F /* elemtype.c */,
				9CC8F0FD29FBC29F0006495F /* elemtype.h */,
				9CC8F0F529FBC1B20006495F /* Vector-Read */,
				9CC8F0F429FBC1B20006495F /* Products */,
			);
			sourceTree = "<group>";
		};
		9CC8F0F429FBC1B20006495F /* Products */ = {
			isa = PBXGroup;
			children = (
				9CC8F0F329FBC1B20006495F /* Vector-Read */,
			);
			name = Products;
			sourceTree = "<group>";
		};
		9CC8F0F529FBC1B20006495F /* Vector-Read */ = {
			isa = PBXGroup;
			children = (
				9CC8F0F629FBC1B20006495F /* main.c */,
			);
			path = "Vector-Read";
			sourceTree = "<group>";
		};
/* End PBXGroup section */

/* Begin PBXNativeTarget section */
		9CC8F0F229FBC1B20006495F /* Vector-Read */ = {
			isa = PBXNativeTarget;
			buildConfigurationList = 9CC8F0FA29FBC1B20006495F /* Build configuration list for PBXNativeTarget "Vector-Read" */;
			buildPhases = (
				9CC8F0EF29FBC1B20006495F /* Sources */,
				9CC8F0F029FBC1B20006495F /* Frameworks */,
				9CC8F0F129FBC1B20006495F /* CopyFiles */,
			);
			buildRules = (
			);
			dependencies = (
			);
			name = "Vector-Read";
			productName = "Vector-Read";
			productReference = 9CC8F0F329FBC1B20006495F /* Vector-Read */;
			productType = "com.apple.product-type.tool";
		};
/* End PBXNativeTarget section */

/* Begin PBXProject section */
		9CC8F0EB29FBC1B20006495F /* Project object */ = {
			isa = PBXProject;
			attributes = {
				BuildIndependentTargetsInParallel = 1;
				LastUpgradeCheck = 1430;
				TargetAttributes = {
					9CC8F0F229FBC1B20006495F = {
						CreatedOnToolsVersion = 14.3;
					};
				};
			};
			buildConfigurationList = 9CC8F0EE29FBC1B20006495F /* Build configuration list for PBXProject "Vector-Read" */;
			compatibilityVersion = "Xcode 14.0";
			developmentRegion = en;
			hasScannedForEncodings = 0;
			knownRegions = (
				en,
				Base,
			);
			mainGroup = 9CC8F0EA29FBC1B20006495F;
			productRefGroup = 9CC8F0F429FBC1B20006495F /* Products */;
			projectDirPath = "";
			projectRoot = "";
			targets = (
				9CC8F0F229FBC1B20006495F /* Vector-Read */,
			);
		};
/* End PBXProject section */

/* Begin PBXSourcesBuildPhase section */
		9CC8F0EF29FBC1B20006495F /* Sources */ = {
			isa = PBXSourcesBuildPhase;
			buildActionMask = 2147483647;
			files = (
				9CC8F0FF29FBC29F0006495F /* elemtype.c in Sources */,
				9CC8F10229FBC2C60006495F /* vettore.c in Sources */,
				9CC8F0F729FBC1B20006495F /* main.c in Sources */,
			);
			runOnlyForDeploymentPostprocessing = 0;
		};
/* End PBXSourcesBuildPhase section */

/* Begin XCBuildConfiguration section */
		9CC8F0F829FBC1B20006495F /* Debug */ = {
			isa = XCBuildConfiguration;
			buildSettings = {
				ALWAYS_SEARCH_USER_PATHS = NO;
				CLANG_ANALYZER_NONNULL = YES;
				CLANG_ANALYZER_NUMBER_OBJECT_CONVERSION = YES_AGGRESSIVE;
				CLANG_CXX_LANGUAGE_STANDARD = "gnu++20";
				CLANG_ENABLE_MODULES = YES;
				CLANG_ENABLE_OBJC_ARC = YES;
				CLANG_ENABLE_OBJC_WEAK = YES;
				CLANG_WARN_BLOCK_CAPTURE_AUTORELEASING = YES;
				CLANG_WARN_BOOL_CONVERSION = YES;
				CLANG_WARN_COMMA = YES;
				CLANG_WARN_CONSTANT_CONVERSION = YES;
				CLANG_WARN_DEPRECATED_OBJC_IMPLEMENTATIONS = YES;
				CLANG_WARN_DIRECT_OBJC_ISA_USAGE = YES_ERROR;
				CLANG_WARN_DOCUMENTATION_COMMENTS = YES;
				CLANG_WARN_EMPTY_BODY = YES;
				CLANG_WARN_ENUM_CONVERSION = YES;
				CLANG_WARN_INFINITE_RECURSION = YES;
				CLANG_WARN_INT_CONVERSION = YES;
				CLANG_WARN_NON_LITERAL_NULL_CONVERSION = YES;
				CLANG_WARN_OBJC_IMPLICIT_RETAIN_SELF = YES;
				CLANG_WARN_OBJC_LITERAL_CONVERSION = YES;
				CLANG_WARN_OBJC_ROOT_CLASS = YES_ERROR;
				CLANG_WARN_QUOTED_INCLUDE_IN_FRAMEWORK_HEADER = YES;
				CLANG_WARN_RANGE_LOOP_ANALYSIS = YES;
				CLANG_WARN_STRICT_PROTOTYPES = YES;
				CLANG_WARN_SUSPICIOUS_MOVE = YES;
				CLANG_WARN_UNGUARDED_AVAILABILITY = YES_AGGRESSIVE;
				CLANG_WARN_UNREACHABLE_CODE = YES;
				CLANG_WARN__DUPLICATE_METHOD_MATCH = YES;
				COPY_PHASE_STRIP = NO;
				DEBUG_INFORMATION_FORMAT = dwarf;
				ENABLE_STRICT_OBJC_MSGSEND = YES;
				ENABLE_TESTABILITY = YES;
				GCC_C_LANGUAGE_STANDARD = gnu11;
				GCC_DYNAMIC_NO_PIC = NO;
				GCC_NO_COMMON_BLOCKS = YES;
				GCC_OPTIMIZATION_LEVEL = 0;
				GCC_PREPROCESSOR_DEFINITIONS = (
					"DEBUG=1",
					"$(inherited)",
				);
				GCC_WARN_64_TO_32_BIT_CONVERSION = YES;
				GCC_WARN_ABOUT_RETURN_TYPE = YES_ERROR;
				GCC_WARN_UNDECLARED_SELECTOR = YES;
				GCC_WARN_UNINITIALIZED_AUTOS = YES_AGGRESSIVE;
				GCC_WARN_UNUSED_FUNCTION = YES;
				GCC_WARN_UNUSED_VARIABLE = YES;
				MACOSX_DEPLOYMENT_TARGET = 13.3;
				MTL_ENABLE_DEBUG_INFO = INCLUDE_SOURCE;
				MTL_FAST_MATH = YES;
				ONLY_ACTIVE_ARCH = YES;
				SDKROOT = macosx;
			};
			name = Debug;
		};
		9CC8F0F929FBC1B20006495F /* Release */ = {
			isa = XCBuildConfiguration;
			buildSettings = {
				ALWAYS_SEARCH_USER_PATHS = NO;
				CLANG_ANALYZER_NONNULL = YES;
				CLANG_ANALYZER_NUMBER_OBJECT_CONVERSION = YES_AGGRESSIVE;
				CLANG_CXX_LANGUAGE_STANDARD = "gnu++20";
				CLANG_ENABLE_MODULES = YES;
				CLANG_ENABLE_OBJC_ARC = YES;
				CLANG_ENABLE_OBJC_WEAK = YES;
				CLANG_WARN_BLOCK_CAPTURE_AUTORELEASING = YES;
				CLANG_WARN_BOOL_CONVERSION = YES;
				CLANG_WARN_COMMA = YES;
				CLANG_WARN_CONSTANT_CONVERSION = YES;
				CLANG_WARN_DEPRECATED_OBJC_IMPLEMENTATIONS = YES;
				CLANG_WARN_DIRECT_OBJC_ISA_USAGE = YES_ERROR;
				CLANG_WARN_DOCUMENTATION_COMMENTS = YES;
				CLANG_WARN_EMPTY_BODY = YES;
				CLANG_WARN_ENUM_CONVERSION = YES;
				CLANG_WARN_INFINITE_RECURSION = YES;
				CLANG_WARN_INT_CONVERSION = YES;
				CLANG_WARN_NON_LITERAL_NULL_CONVERSION = YES;
				CLANG_WARN_OBJC_IMPLICIT_RETAIN_SELF = YES;
				CLANG_WARN_OBJC_LITERAL_CONVERSION = YES;
				CLANG_WARN_OBJC_ROOT_CLASS = YES_ERROR;
				CLANG_WARN_QUOTED_INCLUDE_IN_FRAMEWORK_HEADER = YES;
				CLANG_WARN_RANGE_LOOP_ANALYSIS = YES;
				CLANG_WARN_STRICT_PROTOTYPES = YES;
				CLANG_WARN_SUSPICIOUS_MOVE = YES;
				CLANG_WARN_UNGUARDED_AVAILABILITY = YES_AGGRESSIVE;
				CLANG_WARN_UNREACHABLE_CODE = YES;
				CLANG_WARN__DUPLICATE_METHOD_MATCH = YES;
				COPY_PHASE_STRIP = NO;
				DEBUG_INFORMATION_FORMAT = "dwarf-with-dsym";
				ENABLE_NS_ASSERTIONS = NO;
				ENABLE_STRICT_OBJC_MSGSEND = YES;
				GCC_C_LANGUAGE_STANDARD = gnu11;
				GCC_NO_COMMON_BLOCKS = YES;
				GCC_WARN_64_TO_32_BIT_CONVERSION = YES;
				GCC_WARN_ABOUT_RETURN_TYPE = YES_ERROR;
				GCC_WARN_UNDECLARED_SELECTOR = YES;
				GCC_WARN_UNINITIALIZED_AUTOS = YES_AGGRESSIVE;
				GCC_WARN_UNUSED_FUNCTION = YES;
				GCC_WARN_UNUSED_VARIABLE = YES;
				MACOSX_DEPLOYMENT_TARGET = 13.3;
				MTL_ENABLE_DEBUG_INFO = NO;
				MTL_FAST_MATH = YES;
				SDKROOT = macosx;
			};
			name = Release;
		};
		9CC8F0FB29FBC1B20006495F /* Debug */ = {
			isa = XCBuildConfiguration;
			buildSettings = {
				CODE_SIGN_STYLE = Automatic;
				PRODUCT_NAME = "$(TARGET_NAME)";
			};
			name = Debug;
		};
		9CC8F0FC29FBC1B20006495F /* Release */ = {
			isa = XCBuildConfiguration;
			buildSettings = {
				CODE_SIGN_STYLE = Automatic;
				PRODUCT_NAME = "$(TARGET_NAME)";
			};
			name = Release;
		};
/* End XCBuildConfiguration section */

/* Begin XCConfigurationList section */
		9CC8F0EE29FBC1B20006495F /* Build configuration list for PBXProject "Vector-Read" */ = {
			isa = XCConfigurationList;
			buildConfigurations = (
				9CC8F0F829FBC1B20006495F /* Debug */,
				9CC8F0F929FBC1B20006495F /* Release */,
			);
			defaultConfigurationIsVisible = 0;
			defaultConfigurationName = Release;
		};
		9CC8F0FA29FBC1B20006495F /* Build configuration list for PBXNativeTarget "Vector-Read" */ = {
			isa = XCConfigurationList;
			buildConfigurations = (
				9CC8F0FB29FBC1B20006495F /* Debug */,
				9CC8F0FC29FBC1B20006495F /* Release */,
			);
			defaultConfigurationIsVisible = 0;
			defaultConfigurationName = Release;
		};
/* End XCConfigurationList section */
	};
	rootObject = 9CC8F0EB29FBC1B20006495F /* Project object */;
}
