// !$*UTF8*$!
{
	archiveVersion = 1;
	classes = {
	};
	objectVersion = 56;
	objects = {

/* Begin PBXBuildFile section */
		9C5C0C6C2A4EDA5100242130 /* main.c in Sources */ = {isa = PBXBuildFile; fileRef = 9C5C0C6B2A4EDA5100242130 /* main.c */; };
		9C5C0C782A4EDAB000242130 /* load.c in Sources */ = {isa = PBXBuildFile; fileRef = 9C5C0C742A4EDAB000242130 /* load.c */; };
		9C5C0C792A4EDAB000242130 /* elemtype.c in Sources */ = {isa = PBXBuildFile; fileRef = 9C5C0C752A4EDAB000242130 /* elemtype.c */; };
		9C5C0C7C2A4EDACB00242130 /* sum_dlist.c in Sources */ = {isa = PBXBuildFile; fileRef = 9C5C0C7B2A4EDACB00242130 /* sum_dlist.c */; };
		9C5C0C7F2A4EDEAB00242130 /* doublelist.c in Sources */ = {isa = PBXBuildFile; fileRef = 9C5C0C7E2A4EDEAB00242130 /* doublelist.c */; };
/* End PBXBuildFile section */

/* Begin PBXCopyFilesBuildPhase section */
		9C5C0C662A4EDA5100242130 /* CopyFiles */ = {
			isa = PBXCopyFilesBuildPhase;
			buildActionMask = 2147483647;
			dstPath = /usr/share/man/man1/;
			dstSubfolderSpec = 0;
			files = (
			);
			runOnlyForDeploymentPostprocessing = 1;
		};
/* End PBXCopyFilesBuildPhase section */

/* Begin PBXFileReference section */
		9C5C0C682A4EDA5100242130 /* es 3 */ = {isa = PBXFileReference; explicitFileType = "compiled.mach-o.executable"; includeInIndex = 0; path = "es 3"; sourceTree = BUILT_PRODUCTS_DIR; };
		9C5C0C6B2A4EDA5100242130 /* main.c */ = {isa = PBXFileReference; lastKnownFileType = sourcecode.c.c; path = main.c; sourceTree = "<group>"; };
		9C5C0C742A4EDAB000242130 /* load.c */ = {isa = PBXFileReference; fileEncoding = 4; lastKnownFileType = sourcecode.c.c; path = load.c; sourceTree = "<group>"; };
		9C5C0C752A4EDAB000242130 /* elemtype.c */ = {isa = PBXFileReference; fileEncoding = 4; lastKnownFileType = sourcecode.c.c; path = elemtype.c; sourceTree = "<group>"; };
		9C5C0C762A4EDAB000242130 /* elemtype.h */ = {isa = PBXFileReference; fileEncoding = 4; lastKnownFileType = sourcecode.c.h; path = elemtype.h; sourceTree = "<group>"; };
		9C5C0C7A2A4EDACB00242130 /* sum_dlist.h */ = {isa = PBXFileReference; lastKnownFileType = sourcecode.c.h; path = sum_dlist.h; sourceTree = "<group>"; };
		9C5C0C7B2A4EDACB00242130 /* sum_dlist.c */ = {isa = PBXFileReference; lastKnownFileType = sourcecode.c.c; path = sum_dlist.c; sourceTree = "<group>"; };
		9C5C0C7D2A4EDEAB00242130 /* doublelist.h */ = {isa = PBXFileReference; fileEncoding = 4; lastKnownFileType = sourcecode.c.h; path = doublelist.h; sourceTree = "<group>"; };
		9C5C0C7E2A4EDEAB00242130 /* doublelist.c */ = {isa = PBXFileReference; fileEncoding = 4; lastKnownFileType = sourcecode.c.c; path = doublelist.c; sourceTree = "<group>"; };
/* End PBXFileReference section */

/* Begin PBXFrameworksBuildPhase section */
		9C5C0C652A4EDA5100242130 /* Frameworks */ = {
			isa = PBXFrameworksBuildPhase;
			buildActionMask = 2147483647;
			files = (
			);
			runOnlyForDeploymentPostprocessing = 0;
		};
/* End PBXFrameworksBuildPhase section */

/* Begin PBXGroup section */
		9C5C0C5F2A4EDA5100242130 = {
			isa = PBXGroup;
			children = (
				9C5C0C7E2A4EDEAB00242130 /* doublelist.c */,
				9C5C0C7D2A4EDEAB00242130 /* doublelist.h */,
				9C5C0C7A2A4EDACB00242130 /* sum_dlist.h */,
				9C5C0C7B2A4EDACB00242130 /* sum_dlist.c */,
				9C5C0C752A4EDAB000242130 /* elemtype.c */,
				9C5C0C762A4EDAB000242130 /* elemtype.h */,
				9C5C0C742A4EDAB000242130 /* load.c */,
				9C5C0C6A2A4EDA5100242130 /* es 3 */,
				9C5C0C692A4EDA5100242130 /* Products */,
			);
			sourceTree = "<group>";
		};
		9C5C0C692A4EDA5100242130 /* Products */ = {
			isa = PBXGroup;
			children = (
				9C5C0C682A4EDA5100242130 /* es 3 */,
			);
			name = Products;
			sourceTree = "<group>";
		};
		9C5C0C6A2A4EDA5100242130 /* es 3 */ = {
			isa = PBXGroup;
			children = (
				9C5C0C6B2A4EDA5100242130 /* main.c */,
			);
			path = "es 3";
			sourceTree = "<group>";
		};
/* End PBXGroup section */

/* Begin PBXNativeTarget section */
		9C5C0C672A4EDA5100242130 /* es 3 */ = {
			isa = PBXNativeTarget;
			buildConfigurationList = 9C5C0C6F2A4EDA5100242130 /* Build configuration list for PBXNativeTarget "es 3" */;
			buildPhases = (
				9C5C0C642A4EDA5100242130 /* Sources */,
				9C5C0C652A4EDA5100242130 /* Frameworks */,
				9C5C0C662A4EDA5100242130 /* CopyFiles */,
			);
			buildRules = (
			);
			dependencies = (
			);
			name = "es 3";
			productName = "es 3";
			productReference = 9C5C0C682A4EDA5100242130 /* es 3 */;
			productType = "com.apple.product-type.tool";
		};
/* End PBXNativeTarget section */

/* Begin PBXProject section */
		9C5C0C602A4EDA5100242130 /* Project object */ = {
			isa = PBXProject;
			attributes = {
				BuildIndependentTargetsInParallel = 1;
				LastUpgradeCheck = 1430;
				TargetAttributes = {
					9C5C0C672A4EDA5100242130 = {
						CreatedOnToolsVersion = 14.3.1;
					};
				};
			};
			buildConfigurationList = 9C5C0C632A4EDA5100242130 /* Build configuration list for PBXProject "es 3" */;
			compatibilityVersion = "Xcode 14.0";
			developmentRegion = en;
			hasScannedForEncodings = 0;
			knownRegions = (
				en,
				Base,
			);
			mainGroup = 9C5C0C5F2A4EDA5100242130;
			productRefGroup = 9C5C0C692A4EDA5100242130 /* Products */;
			projectDirPath = "";
			projectRoot = "";
			targets = (
				9C5C0C672A4EDA5100242130 /* es 3 */,
			);
		};
/* End PBXProject section */

/* Begin PBXSourcesBuildPhase section */
		9C5C0C642A4EDA5100242130 /* Sources */ = {
			isa = PBXSourcesBuildPhase;
			buildActionMask = 2147483647;
			files = (
				9C5C0C7F2A4EDEAB00242130 /* doublelist.c in Sources */,
				9C5C0C792A4EDAB000242130 /* elemtype.c in Sources */,
				9C5C0C6C2A4EDA5100242130 /* main.c in Sources */,
				9C5C0C782A4EDAB000242130 /* load.c in Sources */,
				9C5C0C7C2A4EDACB00242130 /* sum_dlist.c in Sources */,
			);
			runOnlyForDeploymentPostprocessing = 0;
		};
/* End PBXSourcesBuildPhase section */

/* Begin XCBuildConfiguration section */
		9C5C0C6D2A4EDA5100242130 /* Debug */ = {
			isa = XCBuildConfiguration;
			buildSettings = {
				ALWAYS_SEARCH_USER_PATHS = NO;
				CLANG_ANALYZER_NONNULL = YES;
				CLANG_ANALYZER_NUMBER_OBJECT_CONVERSION = YES_AGGRESSIVE;
				CLANG_CXX_LANGUAGE_STANDARD = "gnu++20";
				CLANG_ENABLE_MODULES = YES;
				CLANG_ENABLE_OBJC_ARC = YES;
				CLANG_ENABLE_OBJC_WEAK = YES;
				CLANG_WARN_BLOCK_CAPTURE_AUTORELEASING = YES;
				CLANG_WARN_BOOL_CONVERSION = YES;
				CLANG_WARN_COMMA = YES;
				CLANG_WARN_CONSTANT_CONVERSION = YES;
				CLANG_WARN_DEPRECATED_OBJC_IMPLEMENTATIONS = YES;
				CLANG_WARN_DIRECT_OBJC_ISA_USAGE = YES_ERROR;
				CLANG_WARN_DOCUMENTATION_COMMENTS = YES;
				CLANG_WARN_EMPTY_BODY = YES;
				CLANG_WARN_ENUM_CONVERSION = YES;
				CLANG_WARN_INFINITE_RECURSION = YES;
				CLANG_WARN_INT_CONVERSION = YES;
				CLANG_WARN_NON_LITERAL_NULL_CONVERSION = YES;
				CLANG_WARN_OBJC_IMPLICIT_RETAIN_SELF = YES;
				CLANG_WARN_OBJC_LITERAL_CONVERSION = YES;
				CLANG_WARN_OBJC_ROOT_CLASS = YES_ERROR;
				CLANG_WARN_QUOTED_INCLUDE_IN_FRAMEWORK_HEADER = YES;
				CLANG_WARN_RANGE_LOOP_ANALYSIS = YES;
				CLANG_WARN_STRICT_PROTOTYPES = YES;
				CLANG_WARN_SUSPICIOUS_MOVE = YES;
				CLANG_WARN_UNGUARDED_AVAILABILITY = YES_AGGRESSIVE;
				CLANG_WARN_UNREACHABLE_CODE = YES;
				CLANG_WARN__DUPLICATE_METHOD_MATCH = YES;
				COPY_PHASE_STRIP = NO;
				DEBUG_INFORMATION_FORMAT = dwarf;
				ENABLE_STRICT_OBJC_MSGSEND = YES;
				ENABLE_TESTABILITY = YES;
				GCC_C_LANGUAGE_STANDARD = gnu11;
				GCC_DYNAMIC_NO_PIC = NO;
				GCC_NO_COMMON_BLOCKS = YES;
				GCC_OPTIMIZATION_LEVEL = 0;
				GCC_PREPROCESSOR_DEFINITIONS = (
					"DEBUG=1",
					"$(inherited)",
				);
				GCC_WARN_64_TO_32_BIT_CONVERSION = YES;
				GCC_WARN_ABOUT_RETURN_TYPE = YES_ERROR;
				GCC_WARN_UNDECLARED_SELECTOR = YES;
				GCC_WARN_UNINITIALIZED_AUTOS = YES_AGGRESSIVE;
				GCC_WARN_UNUSED_FUNCTION = YES;
				GCC_WARN_UNUSED_VARIABLE = YES;
				MACOSX_DEPLOYMENT_TARGET = 13.3;
				MTL_ENABLE_DEBUG_INFO = INCLUDE_SOURCE;
				MTL_FAST_MATH = YES;
				ONLY_ACTIVE_ARCH = YES;
				SDKROOT = macosx;
			};
			name = Debug;
		};
		9C5C0C6E2A4EDA5100242130 /* Release */ = {
			isa = XCBuildConfiguration;
			buildSettings = {
				ALWAYS_SEARCH_USER_PATHS = NO;
				CLANG_ANALYZER_NONNULL = YES;
				CLANG_ANALYZER_NUMBER_OBJECT_CONVERSION = YES_AGGRESSIVE;
				CLANG_CXX_LANGUAGE_STANDARD = "gnu++20";
				CLANG_ENABLE_MODULES = YES;
				CLANG_ENABLE_OBJC_ARC = YES;
				CLANG_ENABLE_OBJC_WEAK = YES;
				CLANG_WARN_BLOCK_CAPTURE_AUTORELEASING = YES;
				CLANG_WARN_BOOL_CONVERSION = YES;
				CLANG_WARN_COMMA = YES;
				CLANG_WARN_CONSTANT_CONVERSION = YES;
				CLANG_WARN_DEPRECATED_OBJC_IMPLEMENTATIONS = YES;
				CLANG_WARN_DIRECT_OBJC_ISA_USAGE = YES_ERROR;
				CLANG_WARN_DOCUMENTATION_COMMENTS = YES;
				CLANG_WARN_EMPTY_BODY = YES;
				CLANG_WARN_ENUM_CONVERSION = YES;
				CLANG_WARN_INFINITE_RECURSION = YES;
				CLANG_WARN_INT_CONVERSION = YES;
				CLANG_WARN_NON_LITERAL_NULL_CONVERSION = YES;
				CLANG_WARN_OBJC_IMPLICIT_RETAIN_SELF = YES;
				CLANG_WARN_OBJC_LITERAL_CONVERSION = YES;
				CLANG_WARN_OBJC_ROOT_CLASS = YES_ERROR;
				CLANG_WARN_QUOTED_INCLUDE_IN_FRAMEWORK_HEADER = YES;
				CLANG_WARN_RANGE_LOOP_ANALYSIS = YES;
				CLANG_WARN_STRICT_PROTOTYPES = YES;
				CLANG_WARN_SUSPICIOUS_MOVE = YES;
				CLANG_WARN_UNGUARDED_AVAILABILITY = YES_AGGRESSIVE;
				CLANG_WARN_UNREACHABLE_CODE = YES;
				CLANG_WARN__DUPLICATE_METHOD_MATCH = YES;
				COPY_PHASE_STRIP = NO;
				DEBUG_INFORMATION_FORMAT = "dwarf-with-dsym";
				ENABLE_NS_ASSERTIONS = NO;
				ENABLE_STRICT_OBJC_MSGSEND = YES;
				GCC_C_LANGUAGE_STANDARD = gnu11;
				GCC_NO_COMMON_BLOCKS = YES;
				GCC_WARN_64_TO_32_BIT_CONVERSION = YES;
				GCC_WARN_ABOUT_RETURN_TYPE = YES_ERROR;
				GCC_WARN_UNDECLARED_SELECTOR = YES;
				GCC_WARN_UNINITIALIZED_AUTOS = YES_AGGRESSIVE;
				GCC_WARN_UNUSED_FUNCTION = YES;
				GCC_WARN_UNUSED_VARIABLE = YES;
				MACOSX_DEPLOYMENT_TARGET = 13.3;
				MTL_ENABLE_DEBUG_INFO = NO;
				MTL_FAST_MATH = YES;
				SDKROOT = macosx;
			};
			name = Release;
		};
		9C5C0C702A4EDA5100242130 /* Debug */ = {
			isa = XCBuildConfiguration;
			buildSettings = {
				CODE_SIGN_STYLE = Automatic;
				PRODUCT_NAME = "$(TARGET_NAME)";
			};
			name = Debug;
		};
		9C5C0C712A4EDA5100242130 /* Release */ = {
			isa = XCBuildConfiguration;
			buildSettings = {
				CODE_SIGN_STYLE = Automatic;
				PRODUCT_NAME = "$(TARGET_NAME)";
			};
			name = Release;
		};
/* End XCBuildConfiguration section */

/* Begin XCConfigurationList section */
		9C5C0C632A4EDA5100242130 /* Build configuration list for PBXProject "es 3" */ = {
			isa = XCConfigurationList;
			buildConfigurations = (
				9C5C0C6D2A4EDA5100242130 /* Debug */,
				9C5C0C6E2A4EDA5100242130 /* Release */,
			);
			defaultConfigurationIsVisible = 0;
			defaultConfigurationName = Release;
		};
		9C5C0C6F2A4EDA5100242130 /* Build configuration list for PBXNativeTarget "es 3" */ = {
			isa = XCConfigurationList;
			buildConfigurations = (
				9C5C0C702A4EDA5100242130 /* Debug */,
				9C5C0C712A4EDA5100242130 /* Release */,
			);
			defaultConfigurationIsVisible = 0;
			defaultConfigurationName = Release;
		};
/* End XCConfigurationList section */
	};
	rootObject = 9C5C0C602A4EDA5100242130 /* Project object */;
}
