// !$*UTF8*$!
{
	archiveVersion = 1;
	classes = {
	};
	objectVersion = 56;
	objects = {

/* Begin PBXBuildFile section */
		9C9304A52A65BA17007F75FC /* main.c in Sources */ = {isa = PBXBuildFile; fileRef = 9C9304A42A65BA17007F75FC /* main.c */; };
		9C9304AC2A65BA4D007F75FC /* heap_delete.c in Sources */ = {isa = PBXBuildFile; fileRef = 9C9304AB2A65BA4D007F75FC /* heap_delete.c */; };
		9C9304B12A65BA57007F75FC /* elemtype.c in Sources */ = {isa = PBXBuildFile; fileRef = 9C9304AE2A65BA57007F75FC /* elemtype.c */; };
		9C9304B22A65BA57007F75FC /* minheap.c in Sources */ = {isa = PBXBuildFile; fileRef = 9C9304AF2A65BA57007F75FC /* minheap.c */; };
/* End PBXBuildFile section */

/* Begin PBXCopyFilesBuildPhase section */
		9C93049F2A65BA17007F75FC /* CopyFiles */ = {
			isa = PBXCopyFilesBuildPhase;
			buildActionMask = 2147483647;
			dstPath = /usr/share/man/man1/;
			dstSubfolderSpec = 0;
			files = (
			);
			runOnlyForDeploymentPostprocessing = 1;
		};
/* End PBXCopyFilesBuildPhase section */

/* Begin PBXFileReference section */
		9C9304A12A65BA17007F75FC /* Heap Delete */ = {isa = PBXFileReference; explicitFileType = "compiled.mach-o.executable"; includeInIndex = 0; path = "Heap Delete"; sourceTree = BUILT_PRODUCTS_DIR; };
		9C9304A42A65BA17007F75FC /* main.c */ = {isa = PBXFileReference; lastKnownFileType = sourcecode.c.c; path = main.c; sourceTree = "<group>"; };
		9C9304AB2A65BA4D007F75FC /* heap_delete.c */ = {isa = PBXFileReference; lastKnownFileType = sourcecode.c.c; path = heap_delete.c; sourceTree = "<group>"; };
		9C9304AD2A65BA57007F75FC /* minheap.h */ = {isa = PBXFileReference; fileEncoding = 4; lastKnownFileType = sourcecode.c.h; path = minheap.h; sourceTree = "<group>"; };
		9C9304AE2A65BA57007F75FC /* elemtype.c */ = {isa = PBXFileReference; fileEncoding = 4; lastKnownFileType = sourcecode.c.c; path = elemtype.c; sourceTree = "<group>"; };
		9C9304AF2A65BA57007F75FC /* minheap.c */ = {isa = PBXFileReference; fileEncoding = 4; lastKnownFileType = sourcecode.c.c; path = minheap.c; sourceTree = "<group>"; };
		9C9304B02A65BA57007F75FC /* elemtype.h */ = {isa = PBXFileReference; fileEncoding = 4; lastKnownFileType = sourcecode.c.h; path = elemtype.h; sourceTree = "<group>"; };
/* End PBXFileReference section */

/* Begin PBXFrameworksBuildPhase section */
		9C93049E2A65BA17007F75FC /* Frameworks */ = {
			isa = PBXFrameworksBuildPhase;
			buildActionMask = 2147483647;
			files = (
			);
			runOnlyForDeploymentPostprocessing = 0;
		};
/* End PBXFrameworksBuildPhase section */

/* Begin PBXGroup section */
		9C9304982A65BA17007F75FC = {
			isa = PBXGroup;
			children = (
				9C9304AE2A65BA57007F75FC /* elemtype.c */,
				9C9304B02A65BA57007F75FC /* elemtype.h */,
				9C9304AF2A65BA57007F75FC /* minheap.c */,
				9C9304AD2A65BA57007F75FC /* minheap.h */,
				9C9304AB2A65BA4D007F75FC /* heap_delete.c */,
				9C9304A32A65BA17007F75FC /* Heap Delete */,
				9C9304A22A65BA17007F75FC /* Products */,
			);
			sourceTree = "<group>";
		};
		9C9304A22A65BA17007F75FC /* Products */ = {
			isa = PBXGroup;
			children = (
				9C9304A12A65BA17007F75FC /* Heap Delete */,
			);
			name = Products;
			sourceTree = "<group>";
		};
		9C9304A32A65BA17007F75FC /* Heap Delete */ = {
			isa = PBXGroup;
			children = (
				9C9304A42A65BA17007F75FC /* main.c */,
			);
			path = "Heap Delete";
			sourceTree = "<group>";
		};
/* End PBXGroup section */

/* Begin PBXNativeTarget section */
		9C9304A02A65BA17007F75FC /* Heap Delete */ = {
			isa = PBXNativeTarget;
			buildConfigurationList = 9C9304A82A65BA17007F75FC /* Build configuration list for PBXNativeTarget "Heap Delete" */;
			buildPhases = (
				9C93049D2A65BA17007F75FC /* Sources */,
				9C93049E2A65BA17007F75FC /* Frameworks */,
				9C93049F2A65BA17007F75FC /* CopyFiles */,
			);
			buildRules = (
			);
			dependencies = (
			);
			name = "Heap Delete";
			productName = "Heap Delete";
			productReference = 9C9304A12A65BA17007F75FC /* Heap Delete */;
			productType = "com.apple.product-type.tool";
		};
/* End PBXNativeTarget section */

/* Begin PBXProject section */
		9C9304992A65BA17007F75FC /* Project object */ = {
			isa = PBXProject;
			attributes = {
				BuildIndependentTargetsInParallel = 1;
				LastUpgradeCheck = 1430;
				TargetAttributes = {
					9C9304A02A65BA17007F75FC = {
						CreatedOnToolsVersion = 14.3.1;
					};
				};
			};
			buildConfigurationList = 9C93049C2A65BA17007F75FC /* Build configuration list for PBXProject "Heap Delete" */;
			compatibilityVersion = "Xcode 14.0";
			developmentRegion = en;
			hasScannedForEncodings = 0;
			knownRegions = (
				en,
				Base,
			);
			mainGroup = 9C9304982A65BA17007F75FC;
			productRefGroup = 9C9304A22A65BA17007F75FC /* Products */;
			projectDirPath = "";
			projectRoot = "";
			targets = (
				9C9304A02A65BA17007F75FC /* Heap Delete */,
			);
		};
/* End PBXProject section */

/* Begin PBXSourcesBuildPhase section */
		9C93049D2A65BA17007F75FC /* Sources */ = {
			isa = PBXSourcesBuildPhase;
			buildActionMask = 2147483647;
			files = (
				9C9304B22A65BA57007F75FC /* minheap.c in Sources */,
				9C9304AC2A65BA4D007F75FC /* heap_delete.c in Sources */,
				9C9304B12A65BA57007F75FC /* elemtype.c in Sources */,
				9C9304A52A65BA17007F75FC /* main.c in Sources */,
			);
			runOnlyForDeploymentPostprocessing = 0;
		};
/* End PBXSourcesBuildPhase section */

/* Begin XCBuildConfiguration section */
		9C9304A62A65BA17007F75FC /* Debug */ = {
			isa = XCBuildConfiguration;
			buildSettings = {
				ALWAYS_SEARCH_USER_PATHS = NO;
				CLANG_ANALYZER_NONNULL = YES;
				CLANG_ANALYZER_NUMBER_OBJECT_CONVERSION = YES_AGGRESSIVE;
				CLANG_CXX_LANGUAGE_STANDARD = "gnu++20";
				CLANG_ENABLE_MODULES = YES;
				CLANG_ENABLE_OBJC_ARC = YES;
				CLANG_ENABLE_OBJC_WEAK = YES;
				CLANG_WARN_BLOCK_CAPTURE_AUTORELEASING = YES;
				CLANG_WARN_BOOL_CONVERSION = YES;
				CLANG_WARN_COMMA = YES;
				CLANG_WARN_CONSTANT_CONVERSION = YES;
				CLANG_WARN_DEPRECATED_OBJC_IMPLEMENTATIONS = YES;
				CLANG_WARN_DIRECT_OBJC_ISA_USAGE = YES_ERROR;
				CLANG_WARN_DOCUMENTATION_COMMENTS = YES;
				CLANG_WARN_EMPTY_BODY = YES;
				CLANG_WARN_ENUM_CONVERSION = YES;
				CLANG_WARN_INFINITE_RECURSION = YES;
				CLANG_WARN_INT_CONVERSION = YES;
				CLANG_WARN_NON_LITERAL_NULL_CONVERSION = YES;
				CLANG_WARN_OBJC_IMPLICIT_RETAIN_SELF = YES;
				CLANG_WARN_OBJC_LITERAL_CONVERSION = YES;
				CLANG_WARN_OBJC_ROOT_CLASS = YES_ERROR;
				CLANG_WARN_QUOTED_INCLUDE_IN_FRAMEWORK_HEADER = YES;
				CLANG_WARN_RANGE_LOOP_ANALYSIS = YES;
				CLANG_WARN_STRICT_PROTOTYPES = YES;
				CLANG_WARN_SUSPICIOUS_MOVE = YES;
				CLANG_WARN_UNGUARDED_AVAILABILITY = YES_AGGRESSIVE;
				CLANG_WARN_UNREACHABLE_CODE = YES;
				CLANG_WARN__DUPLICATE_METHOD_MATCH = YES;
				COPY_PHASE_STRIP = NO;
				DEBUG_INFORMATION_FORMAT = dwarf;
				ENABLE_STRICT_OBJC_MSGSEND = YES;
				ENABLE_TESTABILITY = YES;
				GCC_C_LANGUAGE_STANDARD = gnu11;
				GCC_DYNAMIC_NO_PIC = NO;
				GCC_NO_COMMON_BLOCKS = YES;
				GCC_OPTIMIZATION_LEVEL = 0;
				GCC_PREPROCESSOR_DEFINITIONS = (
					"DEBUG=1",
					"$(inherited)",
				);
				GCC_WARN_64_TO_32_BIT_CONVERSION = YES;
				GCC_WARN_ABOUT_RETURN_TYPE = YES_ERROR;
				GCC_WARN_UNDECLARED_SELECTOR = YES;
				GCC_WARN_UNINITIALIZED_AUTOS = YES_AGGRESSIVE;
				GCC_WARN_UNUSED_FUNCTION = YES;
				GCC_WARN_UNUSED_VARIABLE = YES;
				MACOSX_DEPLOYMENT_TARGET = 13.3;
				MTL_ENABLE_DEBUG_INFO = INCLUDE_SOURCE;
				MTL_FAST_MATH = YES;
				ONLY_ACTIVE_ARCH = YES;
				SDKROOT = macosx;
			};
			name = Debug;
		};
		9C9304A72A65BA17007F75FC /* Release */ = {
			isa = XCBuildConfiguration;
			buildSettings = {
				ALWAYS_SEARCH_USER_PATHS = NO;
				CLANG_ANALYZER_NONNULL = YES;
				CLANG_ANALYZER_NUMBER_OBJECT_CONVERSION = YES_AGGRESSIVE;
				CLANG_CXX_LANGUAGE_STANDARD = "gnu++20";
				CLANG_ENABLE_MODULES = YES;
				CLANG_ENABLE_OBJC_ARC = YES;
				CLANG_ENABLE_OBJC_WEAK = YES;
				CLANG_WARN_BLOCK_CAPTURE_AUTORELEASING = YES;
				CLANG_WARN_BOOL_CONVERSION = YES;
				CLANG_WARN_COMMA = YES;
				CLANG_WARN_CONSTANT_CONVERSION = YES;
				CLANG_WARN_DEPRECATED_OBJC_IMPLEMENTATIONS = YES;
				CLANG_WARN_DIRECT_OBJC_ISA_USAGE = YES_ERROR;
				CLANG_WARN_DOCUMENTATION_COMMENTS = YES;
				CLANG_WARN_EMPTY_BODY = YES;
				CLANG_WARN_ENUM_CONVERSION = YES;
				CLANG_WARN_INFINITE_RECURSION = YES;
				CLANG_WARN_INT_CONVERSION = YES;
				CLANG_WARN_NON_LITERAL_NULL_CONVERSION = YES;
				CLANG_WARN_OBJC_IMPLICIT_RETAIN_SELF = YES;
				CLANG_WARN_OBJC_LITERAL_CONVERSION = YES;
				CLANG_WARN_OBJC_ROOT_CLASS = YES_ERROR;
				CLANG_WARN_QUOTED_INCLUDE_IN_FRAMEWORK_HEADER = YES;
				CLANG_WARN_RANGE_LOOP_ANALYSIS = YES;
				CLANG_WARN_STRICT_PROTOTYPES = YES;
				CLANG_WARN_SUSPICIOUS_MOVE = YES;
				CLANG_WARN_UNGUARDED_AVAILABILITY = YES_AGGRESSIVE;
				CLANG_WARN_UNREACHABLE_CODE = YES;
				CLANG_WARN__DUPLICATE_METHOD_MATCH = YES;
				COPY_PHASE_STRIP = NO;
				DEBUG_INFORMATION_FORMAT = "dwarf-with-dsym";
				ENABLE_NS_ASSERTIONS = NO;
				ENABLE_STRICT_OBJC_MSGSEND = YES;
				GCC_C_LANGUAGE_STANDARD = gnu11;
				GCC_NO_COMMON_BLOCKS = YES;
				GCC_WARN_64_TO_32_BIT_CONVERSION = YES;
				GCC_WARN_ABOUT_RETURN_TYPE = YES_ERROR;
				GCC_WARN_UNDECLARED_SELECTOR = YES;
				GCC_WARN_UNINITIALIZED_AUTOS = YES_AGGRESSIVE;
				GCC_WARN_UNUSED_FUNCTION = YES;
				GCC_WARN_UNUSED_VARIABLE = YES;
				MACOSX_DEPLOYMENT_TARGET = 13.3;
				MTL_ENABLE_DEBUG_INFO = NO;
				MTL_FAST_MATH = YES;
				SDKROOT = macosx;
			};
			name = Release;
		};
		9C9304A92A65BA17007F75FC /* Debug */ = {
			isa = XCBuildConfiguration;
			buildSettings = {
				CODE_SIGN_STYLE = Automatic;
				PRODUCT_NAME = "$(TARGET_NAME)";
			};
			name = Debug;
		};
		9C9304AA2A65BA17007F75FC /* Release */ = {
			isa = XCBuildConfiguration;
			buildSettings = {
				CODE_SIGN_STYLE = Automatic;
				PRODUCT_NAME = "$(TARGET_NAME)";
			};
			name = Release;
		};
/* End XCBuildConfiguration section */

/* Begin XCConfigurationList section */
		9C93049C2A65BA17007F75FC /* Build configuration list for PBXProject "Heap Delete" */ = {
			isa = XCConfigurationList;
			buildConfigurations = (
				9C9304A62A65BA17007F75FC /* Debug */,
				9C9304A72A65BA17007F75FC /* Release */,
			);
			defaultConfigurationIsVisible = 0;
			defaultConfigurationName = Release;
		};
		9C9304A82A65BA17007F75FC /* Build configuration list for PBXNativeTarget "Heap Delete" */ = {
			isa = XCConfigurationList;
			buildConfigurations = (
				9C9304A92A65BA17007F75FC /* Debug */,
				9C9304AA2A65BA17007F75FC /* Release */,
			);
			defaultConfigurationIsVisible = 0;
			defaultConfigurationName = Release;
		};
/* End XCConfigurationList section */
	};
	rootObject = 9C9304992A65BA17007F75FC /* Project object */;
}
